
Microsoft Visual Studio Solution File, Format Version 12.00
# Visual Studio Version 16
VisualStudioVersion = 16.0.31729.503
MinimumVisualStudioVersion = 10.0.40219.1
Project("{9A19103F-16F7-4668-BE54-9A1E7A4F7556}") = "XrefViewer", "XrefViewer\XrefViewer.csproj", "{2DCBD9F0-EF65-4CDF-AD9A-19418433472B}"
EndProject
Global
	GlobalSection(SolutionConfigurationPlatforms) = preSolution
		Debug|Any CPU = Debug|Any CPU
		Release|Any CPU = Release|Any CPU
	EndGlobalSection
	GlobalSection(ProjectConfigurationPlatforms) = postSolution
		{2DCBD9F0-EF65-4CDF-AD9A-19418433472B}.Debug|Any CPU.ActiveCfg = Debug|Any CPU
		{2DCBD9F0-EF65-4CDF-AD9A-19418433472B}.Debug|Any CPU.Build.0 = Debug|Any CPU
		{2DCBD9F0-EF65-4CDF-AD9A-19418433472B}.Release|Any CPU.ActiveCfg = Release|Any CPU
		{2DCBD9F0-EF65-4CDF-AD9A-19418433472B}.Release|Any CPU.Build.0 = Release|Any CPU
	EndGlobalSection
	GlobalSection(SolutionProperties) = preSolution
		HideSolutionNode = FALSE
	EndGlobalSection
	GlobalSection(ExtensibilityGlobals) = postSolution
		SolutionGuid = {5EC50B62-7677-46D0-AE2D-8BF38CB89D17}
	EndGlobalSection
EndGlobal
